// !$*UTF8*$!
{
	archiveVersion = 1;
	classes = {
	};
	objectVersion = 56;
	objects = {

/* Begin PBXBuildFile section */
		F200000000000000000000A1 /* AetherApp.swift in Sources */ = {isa = PBXBuildFile; fileRef = F100000000000000000000A1 /* AetherApp.swift */; };
		F200000000000000000000A2 /* ContentView.swift in Sources */ = {isa = PBXBuildFile; fileRef = F100000000000000000000A2 /* ContentView.swift */; };
		F200000000000000000000A3 /* ARWorkspaceView.swift in Sources */ = {isa = PBXBuildFile; fileRef = F100000000000000000000A3 /* ARWorkspaceView.swift */; };
		F200000000000000000000A4 /* ARSessionManager.swift in Sources */ = {isa = PBXBuildFile; fileRef = F100000000000000000000A4 /* ARSessionManager.swift */; };
		F200000000000000000000A5 /* PanelManager.swift in Sources */ = {isa = PBXBuildFile; fileRef = F100000000000000000000A5 /* PanelManager.swift */; };
		F200000000000000000000A6 /* PanelEntity.swift in Sources */ = {isa = PBXBuildFile; fileRef = F100000000000000000000A6 /* PanelEntity.swift */; };
		F200000000000000000000A7 /* HandTracker.swift in Sources */ = {isa = PBXBuildFile; fileRef = F100000000000000000000A7 /* HandTracker.swift */; };
		F200000000000000000000A8 /* GestureInterpreter.swift in Sources */ = {isa = PBXBuildFile; fileRef = F100000000000000000000A8 /* GestureInterpreter.swift */; };
		F200000000000000000000A9 /* VoiceManager.swift in Sources */ = {isa = PBXBuildFile; fileRef = F100000000000000000000A9 /* VoiceManager.swift */; };
		F200000000000000000000AA /* PlacementView.swift in Sources */ = {isa = PBXBuildFile; fileRef = F100000000000000000000AA /* PlacementView.swift */; };
		F200000000000000000000AB /* WorkspaceHUD.swift in Sources */ = {isa = PBXBuildFile; fileRef = F100000000000000000000AB /* WorkspaceHUD.swift */; };
		F200000000000000000000E2 /* Desk2DWorkspaceView.swift in Sources */ = {isa = PBXBuildFile; fileRef = F100000000000000000000E2 /* Desk2DWorkspaceView.swift */; };
		F200000000000000000000AC /* Assets.xcassets in Resources */ = {isa = PBXBuildFile; fileRef = F100000000000000000000AC /* Assets.xcassets */; };
		F200000000000000000000B0 /* JarvisVoice.swift in Sources */ = {isa = PBXBuildFile; fileRef = F100000000000000000000B0 /* JarvisVoice.swift */; };
		F200000000000000000000B1 /* GeminiClient.swift in Sources */ = {isa = PBXBuildFile; fileRef = F100000000000000000000B1 /* GeminiClient.swift */; };
		F200000000000000000000B2 /* HoloElements.swift in Sources */ = {isa = PBXBuildFile; fileRef = F100000000000000000000B2 /* HoloElements.swift */; };
		F200000000000000000000C0 /* ProjectSession.swift in Sources */ = {isa = PBXBuildFile; fileRef = F100000000000000000000C0 /* ProjectSession.swift */; };
		F200000000000000000000C1 /* CodeGenerator.swift in Sources */ = {isa = PBXBuildFile; fileRef = F100000000000000000000C1 /* CodeGenerator.swift */; };
		F200000000000000000000C2 /* PreviewRenderer.swift in Sources */ = {isa = PBXBuildFile; fileRef = F100000000000000000000C2 /* PreviewRenderer.swift */; };
		F200000000000000000000C3 /* Secrets.swift in Sources */ = {isa = PBXBuildFile; fileRef = F100000000000000000000C3 /* Secrets.swift */; };
		F200000000000000000000D0 /* IJTheme.swift in Sources */ = {isa = PBXBuildFile; fileRef = F100000000000000000000D0 /* IJTheme.swift */; };
		F200000000000000000000D1 /* MonacoEditorView.swift in Sources */ = {isa = PBXBuildFile; fileRef = F100000000000000000000D1 /* MonacoEditorView.swift */; };
		F200000000000000000000D2 /* FileTreeSidebar.swift in Sources */ = {isa = PBXBuildFile; fileRef = F100000000000000000000D2 /* FileTreeSidebar.swift */; };
		F200000000000000000000D3 /* AgentPanel.swift in Sources */ = {isa = PBXBuildFile; fileRef = F100000000000000000000D3 /* AgentPanel.swift */; };
		F200000000000000000000D4 /* SettingsSheet.swift in Sources */ = {isa = PBXBuildFile; fileRef = F100000000000000000000D4 /* SettingsSheet.swift */; };
		F200000000000000000000D5 /* PhoneIDEView.swift in Sources */ = {isa = PBXBuildFile; fileRef = F100000000000000000000D5 /* PhoneIDEView.swift */; };
		F200000000000000000000D6 /* BackendClient.swift in Sources */ = {isa = PBXBuildFile; fileRef = F100000000000000000000D6 /* BackendClient.swift */; };
		F200000000000000000000D7 /* GitHubClient.swift in Sources */ = {isa = PBXBuildFile; fileRef = F100000000000000000000D7 /* GitHubClient.swift */; };
		F200000000000000000000D8 /* ShakeDetectorView.swift in Sources */ = {isa = PBXBuildFile; fileRef = F100000000000000000000D8 /* ShakeDetectorView.swift */; };
		F200000000000000000000D9 /* StarterPage.swift in Sources */ = {isa = PBXBuildFile; fileRef = F100000000000000000000D9 /* StarterPage.swift */; };
		F200000000000000000000DA /* PlanHUDOverlay.swift in Sources */ = {isa = PBXBuildFile; fileRef = F100000000000000000000DA /* PlanHUDOverlay.swift */; };
		F200000000000000000000DB /* JBIcons in Resources */ = {isa = PBXBuildFile; fileRef = F100000000000000000000DB /* JBIcons */; };
		F200000000000000000000DC /* JBIcon.swift in Sources */ = {isa = PBXBuildFile; fileRef = F100000000000000000000DC /* JBIcon.swift */; };
		F200000000000000000000DD /* WelcomeScreen.swift in Sources */ = {isa = PBXBuildFile; fileRef = F100000000000000000000DD /* WelcomeScreen.swift */; };
		F200000000000000000000DE /* DevicePerformanceProfile.swift in Sources */ = {isa = PBXBuildFile; fileRef = F100000000000000000000DE /* DevicePerformanceProfile.swift */; };
		F200000000000000000000DF /* SpatialScene.swift in Sources */ = {isa = PBXBuildFile; fileRef = F100000000000000000000DF /* SpatialScene.swift */; };
		F200000000000000000000E0 /* SpatialSceneManager.swift in Sources */ = {isa = PBXBuildFile; fileRef = F100000000000000000000E0 /* SpatialSceneManager.swift */; };
		F200000000000000000000E1 /* SpatialScenePicker.swift in Sources */ = {isa = PBXBuildFile; fileRef = F100000000000000000000E1 /* SpatialScenePicker.swift */; };
		F200000000000000000000E5 /* Cambridge.skybox in Resources */ = {isa = PBXBuildFile; fileRef = F100000000000000000000EB /* Cambridge.skybox */; };
		F200000000000000000000E6 /* CanaryWharf.skybox in Resources */ = {isa = PBXBuildFile; fileRef = F100000000000000000000EC /* CanaryWharf.skybox */; };
		F200000000000000000000E7 /* PretoriaGardens.skybox in Resources */ = {isa = PBXBuildFile; fileRef = F100000000000000000000ED /* PretoriaGardens.skybox */; };
/* End PBXBuildFile section */

/* Begin PBXFileReference section */
		F100000000000000000000A1 /* AetherApp.swift */ = {isa = PBXFileReference; lastKnownFileType = sourcecode.swift; path = AetherApp.swift; sourceTree = "<group>"; };
		F100000000000000000000A2 /* ContentView.swift */ = {isa = PBXFileReference; lastKnownFileType = sourcecode.swift; path = ContentView.swift; sourceTree = "<group>"; };
		F100000000000000000000A3 /* ARWorkspaceView.swift */ = {isa = PBXFileReference; lastKnownFileType = sourcecode.swift; path = ARWorkspaceView.swift; sourceTree = "<group>"; };
		F100000000000000000000A4 /* ARSessionManager.swift */ = {isa = PBXFileReference; lastKnownFileType = sourcecode.swift; path = ARSessionManager.swift; sourceTree = "<group>"; };
		F100000000000000000000A5 /* PanelManager.swift */ = {isa = PBXFileReference; lastKnownFileType = sourcecode.swift; path = PanelManager.swift; sourceTree = "<group>"; };
		F100000000000000000000A6 /* PanelEntity.swift */ = {isa = PBXFileReference; lastKnownFileType = sourcecode.swift; path = PanelEntity.swift; sourceTree = "<group>"; };
		F100000000000000000000A7 /* HandTracker.swift */ = {isa = PBXFileReference; lastKnownFileType = sourcecode.swift; path = HandTracker.swift; sourceTree = "<group>"; };
		F100000000000000000000A8 /* GestureInterpreter.swift */ = {isa = PBXFileReference; lastKnownFileType = sourcecode.swift; path = GestureInterpreter.swift; sourceTree = "<group>"; };
		F100000000000000000000A9 /* VoiceManager.swift */ = {isa = PBXFileReference; lastKnownFileType = sourcecode.swift; path = VoiceManager.swift; sourceTree = "<group>"; };
		F100000000000000000000AA /* PlacementView.swift */ = {isa = PBXFileReference; lastKnownFileType = sourcecode.swift; path = PlacementView.swift; sourceTree = "<group>"; };
		F100000000000000000000AB /* WorkspaceHUD.swift */ = {isa = PBXFileReference; lastKnownFileType = sourcecode.swift; path = WorkspaceHUD.swift; sourceTree = "<group>"; };
		F100000000000000000000E2 /* Desk2DWorkspaceView.swift */ = {isa = PBXFileReference; lastKnownFileType = sourcecode.swift; path = Desk2DWorkspaceView.swift; sourceTree = "<group>"; };
		F100000000000000000000AC /* Assets.xcassets */ = {isa = PBXFileReference; lastKnownFileType = folder.assetcatalog; path = Assets.xcassets; sourceTree = "<group>"; };
		F100000000000000000000AD /* Info.plist */ = {isa = PBXFileReference; lastKnownFileType = text.plist.xml; path = Info.plist; sourceTree = "<group>"; };
		F100000000000000000000AE /* Aether.app */ = {isa = PBXFileReference; explicitFileType = wrapper.application; includeInIndex = 0; path = Aether.app; sourceTree = BUILT_PRODUCTS_DIR; };
		F100000000000000000000B0 /* JarvisVoice.swift */ = {isa = PBXFileReference; lastKnownFileType = sourcecode.swift; path = JarvisVoice.swift; sourceTree = "<group>"; };
		F100000000000000000000B1 /* GeminiClient.swift */ = {isa = PBXFileReference; lastKnownFileType = sourcecode.swift; path = GeminiClient.swift; sourceTree = "<group>"; };
		F100000000000000000000B2 /* HoloElements.swift */ = {isa = PBXFileReference; lastKnownFileType = sourcecode.swift; path = HoloElements.swift; sourceTree = "<group>"; };
		F100000000000000000000C0 /* ProjectSession.swift */ = {isa = PBXFileReference; lastKnownFileType = sourcecode.swift; path = ProjectSession.swift; sourceTree = "<group>"; };
		F100000000000000000000C1 /* CodeGenerator.swift */ = {isa = PBXFileReference; lastKnownFileType = sourcecode.swift; path = CodeGenerator.swift; sourceTree = "<group>"; };
		F100000000000000000000C2 /* PreviewRenderer.swift */ = {isa = PBXFileReference; lastKnownFileType = sourcecode.swift; path = PreviewRenderer.swift; sourceTree = "<group>"; };
		F100000000000000000000C3 /* Secrets.swift */ = {isa = PBXFileReference; lastKnownFileType = sourcecode.swift; path = Secrets.swift; sourceTree = "<group>"; };
		F100000000000000000000D0 /* IJTheme.swift */ = {isa = PBXFileReference; lastKnownFileType = sourcecode.swift; path = IJTheme.swift; sourceTree = "<group>"; };
		F100000000000000000000D1 /* MonacoEditorView.swift */ = {isa = PBXFileReference; lastKnownFileType = sourcecode.swift; path = MonacoEditorView.swift; sourceTree = "<group>"; };
		F100000000000000000000D2 /* FileTreeSidebar.swift */ = {isa = PBXFileReference; lastKnownFileType = sourcecode.swift; path = FileTreeSidebar.swift; sourceTree = "<group>"; };
		F100000000000000000000D3 /* AgentPanel.swift */ = {isa = PBXFileReference; lastKnownFileType = sourcecode.swift; path = AgentPanel.swift; sourceTree = "<group>"; };
		F100000000000000000000D4 /* SettingsSheet.swift */ = {isa = PBXFileReference; lastKnownFileType = sourcecode.swift; path = SettingsSheet.swift; sourceTree = "<group>"; };
		F100000000000000000000D5 /* PhoneIDEView.swift */ = {isa = PBXFileReference; lastKnownFileType = sourcecode.swift; path = PhoneIDEView.swift; sourceTree = "<group>"; };
		F100000000000000000000D6 /* BackendClient.swift */ = {isa = PBXFileReference; lastKnownFileType = sourcecode.swift; path = BackendClient.swift; sourceTree = "<group>"; };
		F100000000000000000000D7 /* GitHubClient.swift */ = {isa = PBXFileReference; lastKnownFileType = sourcecode.swift; path = GitHubClient.swift; sourceTree = "<group>"; };
		F100000000000000000000D8 /* ShakeDetectorView.swift */ = {isa = PBXFileReference; lastKnownFileType = sourcecode.swift; path = ShakeDetectorView.swift; sourceTree = "<group>"; };
		F100000000000000000000D9 /* StarterPage.swift */ = {isa = PBXFileReference; lastKnownFileType = sourcecode.swift; path = StarterPage.swift; sourceTree = "<group>"; };
		F100000000000000000000DA /* PlanHUDOverlay.swift */ = {isa = PBXFileReference; lastKnownFileType = sourcecode.swift; path = PlanHUDOverlay.swift; sourceTree = "<group>"; };
		F100000000000000000000DB /* JBIcons */ = {isa = PBXFileReference; lastKnownFileType = folder; path = JBIcons; sourceTree = "<group>"; };
		F100000000000000000000DC /* JBIcon.swift */ = {isa = PBXFileReference; lastKnownFileType = sourcecode.swift; path = JBIcon.swift; sourceTree = "<group>"; };
		F100000000000000000000DD /* WelcomeScreen.swift */ = {isa = PBXFileReference; lastKnownFileType = sourcecode.swift; path = WelcomeScreen.swift; sourceTree = "<group>"; };
		F100000000000000000000DE /* DevicePerformanceProfile.swift */ = {isa = PBXFileReference; lastKnownFileType = sourcecode.swift; path = DevicePerformanceProfile.swift; sourceTree = "<group>"; };
		F100000000000000000000DF /* SpatialScene.swift */ = {isa = PBXFileReference; lastKnownFileType = sourcecode.swift; path = SpatialScene.swift; sourceTree = "<group>"; };
		F100000000000000000000E0 /* SpatialSceneManager.swift */ = {isa = PBXFileReference; lastKnownFileType = sourcecode.swift; path = SpatialSceneManager.swift; sourceTree = "<group>"; };
		F100000000000000000000E1 /* SpatialScenePicker.swift */ = {isa = PBXFileReference; lastKnownFileType = sourcecode.swift; path = SpatialScenePicker.swift; sourceTree = "<group>"; };
		F100000000000000000000EB /* Cambridge.skybox */ = {isa = PBXFileReference; lastKnownFileType = folder; path = Cambridge.skybox; sourceTree = "<group>"; };
		F100000000000000000000EC /* CanaryWharf.skybox */ = {isa = PBXFileReference; lastKnownFileType = folder; path = CanaryWharf.skybox; sourceTree = "<group>"; };
		F100000000000000000000ED /* PretoriaGardens.skybox */ = {isa = PBXFileReference; lastKnownFileType = folder; path = PretoriaGardens.skybox; sourceTree = "<group>"; };
/* End PBXFileReference section */

/* Begin PBXFrameworksBuildPhase section */
		F400000000000000000000A2 /* Frameworks */ = {
			isa = PBXFrameworksBuildPhase;
			buildActionMask = 2147483647;
			files = (
			);
			runOnlyForDeploymentPostprocessing = 0;
		};
/* End PBXFrameworksBuildPhase section */

/* Begin PBXGroup section */
		F300000000000000000000A0 = {
			isa = PBXGroup;
			children = (
				F300000000000000000000A1 /* Aether */,
				F300000000000000000000A8 /* Products */,
			);
			sourceTree = "<group>";
		};
		F300000000000000000000A1 /* Aether */ = {
			isa = PBXGroup;
			children = (
				F300000000000000000000A2 /* App */,
				F300000000000000000000A3 /* AR */,
				F300000000000000000000A4 /* Gestures */,
				F300000000000000000000A5 /* Voice */,
				F300000000000000000000A6 /* Views */,
				F300000000000000000000B0 /* Project */,
				F300000000000000000000D0 /* PhoneIDE */,
				F300000000000000000000D1 /* Backend */,
				F300000000000000000000A7 /* Resources */,
				F100000000000000000000AD /* Info.plist */,
			);
			path = Aether;
			sourceTree = "<group>";
		};
		F300000000000000000000A2 /* App */ = {
			isa = PBXGroup;
			children = (
				F100000000000000000000A1 /* AetherApp.swift */,
				F100000000000000000000A2 /* ContentView.swift */,
			);
			path = App;
			sourceTree = "<group>";
		};
		F300000000000000000000A3 /* AR */ = {
			isa = PBXGroup;
			children = (
				F100000000000000000000A3 /* ARWorkspaceView.swift */,
				F100000000000000000000A4 /* ARSessionManager.swift */,
				F100000000000000000000A5 /* PanelManager.swift */,
				F100000000000000000000A6 /* PanelEntity.swift */,
				F100000000000000000000DE /* DevicePerformanceProfile.swift */,
				F100000000000000000000B2 /* HoloElements.swift */,
				F300000000000000000000DF /* SpatialScenes */,
			);
			path = AR;
			sourceTree = "<group>";
		};
		F300000000000000000000A4 /* Gestures */ = {
			isa = PBXGroup;
			children = (
				F100000000000000000000A7 /* HandTracker.swift */,
				F100000000000000000000A8 /* GestureInterpreter.swift */,
			);
			path = Gestures;
			sourceTree = "<group>";
		};
		F300000000000000000000A5 /* Voice */ = {
			isa = PBXGroup;
			children = (
				F100000000000000000000A9 /* VoiceManager.swift */,
				F100000000000000000000B0 /* JarvisVoice.swift */,
				F100000000000000000000B1 /* GeminiClient.swift */,
			);
			path = Voice;
			sourceTree = "<group>";
		};
		F300000000000000000000A6 /* Views */ = {
			isa = PBXGroup;
			children = (
				F100000000000000000000AA /* PlacementView.swift */,
				F100000000000000000000AB /* WorkspaceHUD.swift */,
				F100000000000000000000E2 /* Desk2DWorkspaceView.swift */,
				F100000000000000000000D8 /* ShakeDetectorView.swift */,
				F100000000000000000000DA /* PlanHUDOverlay.swift */,
			);
			path = Views;
			sourceTree = "<group>";
		};
		F300000000000000000000A7 /* Resources */ = {
			isa = PBXGroup;
			children = (
				F100000000000000000000AC /* Assets.xcassets */,
				F100000000000000000000DB /* JBIcons */,
				F100000000000000000000EB /* Cambridge.skybox */,
				F100000000000000000000EC /* CanaryWharf.skybox */,
				F100000000000000000000ED /* PretoriaGardens.skybox */,
			);
			path = Resources;
			sourceTree = "<group>";
		};
		F300000000000000000000A8 /* Products */ = {
			isa = PBXGroup;
			children = (
				F100000000000000000000AE /* Aether.app */,
			);
			name = Products;
			sourceTree = "<group>";
		};
		F300000000000000000000B0 /* Project */ = {
			isa = PBXGroup;
			children = (
				F100000000000000000000C0 /* ProjectSession.swift */,
				F100000000000000000000C1 /* CodeGenerator.swift */,
				F100000000000000000000C2 /* PreviewRenderer.swift */,
				F100000000000000000000C3 /* Secrets.swift */,
			);
			path = Project;
			sourceTree = "<group>";
		};
		F300000000000000000000D0 /* PhoneIDE */ = {
			isa = PBXGroup;
			children = (
				F100000000000000000000D0 /* IJTheme.swift */,
				F100000000000000000000D1 /* MonacoEditorView.swift */,
				F100000000000000000000D2 /* FileTreeSidebar.swift */,
				F100000000000000000000D3 /* AgentPanel.swift */,
				F100000000000000000000D4 /* SettingsSheet.swift */,
				F100000000000000000000D5 /* PhoneIDEView.swift */,
				F100000000000000000000D9 /* StarterPage.swift */,
				F100000000000000000000DC /* JBIcon.swift */,
				F100000000000000000000DD /* WelcomeScreen.swift */,
			);
			path = PhoneIDE;
			sourceTree = "<group>";
		};
		F300000000000000000000D1 /* Backend */ = {
			isa = PBXGroup;
			children = (
				F100000000000000000000D6 /* BackendClient.swift */,
				F100000000000000000000D7 /* GitHubClient.swift */,
			);
			path = Backend;
			sourceTree = "<group>";
		};
		F300000000000000000000DF /* SpatialScenes */ = {
			isa = PBXGroup;
			children = (
				F100000000000000000000DF /* SpatialScene.swift */,
				F100000000000000000000E0 /* SpatialSceneManager.swift */,
				F100000000000000000000E1 /* SpatialScenePicker.swift */,
			);
			path = SpatialScenes;
			sourceTree = "<group>";
		};
/* End PBXGroup section */

/* Begin PBXNativeTarget section */
		F500000000000000000000A1 /* Aether */ = {
			isa = PBXNativeTarget;
			buildConfigurationList = F800000000000000000000A2 /* Build configuration list for PBXNativeTarget "Aether" */;
			buildPhases = (
				F400000000000000000000A1 /* Sources */,
				F400000000000000000000A2 /* Frameworks */,
				F400000000000000000000A3 /* Resources */,
			);
			buildRules = (
			);
			dependencies = (
			);
			name = Aether;
			productName = Aether;
			productReference = F100000000000000000000AE /* Aether.app */;
			productType = "com.apple.product-type.application";
		};
/* End PBXNativeTarget section */

/* Begin PBXProject section */
		F600000000000000000000A1 /* Project object */ = {
			isa = PBXProject;
			attributes = {
				BuildIndependentTargetsInParallel = 1;
				LastSwiftUpdateCheck = 1500;
				LastUpgradeCheck = 1500;
				TargetAttributes = {
					F500000000000000000000A1 = {
						CreatedOnToolsVersion = 15.0;
					};
				};
			};
			buildConfigurationList = F800000000000000000000A1 /* Build configuration list for PBXProject "Aether" */;
			compatibilityVersion = "Xcode 14.0";
			developmentRegion = en;
			hasScannedForEncodings = 0;
			knownRegions = (
				en,
				Base,
			);
			mainGroup = F300000000000000000000A0;
			productRefGroup = F300000000000000000000A8 /* Products */;
			projectDirPath = "";
			projectRoot = "";
			targets = (
				F500000000000000000000A1 /* Aether */,
			);
		};
/* End PBXProject section */

/* Begin PBXResourcesBuildPhase section */
		F400000000000000000000A3 /* Resources */ = {
			isa = PBXResourcesBuildPhase;
			buildActionMask = 2147483647;
			files = (
				F200000000000000000000AC /* Assets.xcassets in Resources */,
				F200000000000000000000DB /* JBIcons in Resources */,
				F200000000000000000000E5 /* Cambridge.skybox in Resources */,
				F200000000000000000000E6 /* CanaryWharf.skybox in Resources */,
				F200000000000000000000E7 /* PretoriaGardens.skybox in Resources */,
			);
			runOnlyForDeploymentPostprocessing = 0;
		};
/* End PBXResourcesBuildPhase section */

/* Begin PBXSourcesBuildPhase section */
		F400000000000000000000A1 /* Sources */ = {
			isa = PBXSourcesBuildPhase;
			buildActionMask = 2147483647;
			files = (
				F200000000000000000000A1 /* AetherApp.swift in Sources */,
				F200000000000000000000A2 /* ContentView.swift in Sources */,
				F200000000000000000000A3 /* ARWorkspaceView.swift in Sources */,
				F200000000000000000000A4 /* ARSessionManager.swift in Sources */,
				F200000000000000000000A5 /* PanelManager.swift in Sources */,
				F200000000000000000000A6 /* PanelEntity.swift in Sources */,
				F200000000000000000000A7 /* HandTracker.swift in Sources */,
				F200000000000000000000A8 /* GestureInterpreter.swift in Sources */,
				F200000000000000000000A9 /* VoiceManager.swift in Sources */,
				F200000000000000000000AA /* PlacementView.swift in Sources */,
				F200000000000000000000AB /* WorkspaceHUD.swift in Sources */,
				F200000000000000000000E2 /* Desk2DWorkspaceView.swift in Sources */,
				F200000000000000000000B0 /* JarvisVoice.swift in Sources */,
				F200000000000000000000B1 /* GeminiClient.swift in Sources */,
				F200000000000000000000B2 /* HoloElements.swift in Sources */,
				F200000000000000000000C0 /* ProjectSession.swift in Sources */,
				F200000000000000000000C1 /* CodeGenerator.swift in Sources */,
				F200000000000000000000C2 /* PreviewRenderer.swift in Sources */,
				F200000000000000000000C3 /* Secrets.swift in Sources */,
				F200000000000000000000D0 /* IJTheme.swift in Sources */,
				F200000000000000000000D1 /* MonacoEditorView.swift in Sources */,
				F200000000000000000000D2 /* FileTreeSidebar.swift in Sources */,
				F200000000000000000000D3 /* AgentPanel.swift in Sources */,
				F200000000000000000000D4 /* SettingsSheet.swift in Sources */,
				F200000000000000000000D5 /* PhoneIDEView.swift in Sources */,
				F200000000000000000000D6 /* BackendClient.swift in Sources */,
				F200000000000000000000D7 /* GitHubClient.swift in Sources */,
				F200000000000000000000D8 /* ShakeDetectorView.swift in Sources */,
				F200000000000000000000D9 /* StarterPage.swift in Sources */,
				F200000000000000000000DA /* PlanHUDOverlay.swift in Sources */,
				F200000000000000000000DC /* JBIcon.swift in Sources */,
				F200000000000000000000DD /* WelcomeScreen.swift in Sources */,
				F200000000000000000000DE /* DevicePerformanceProfile.swift in Sources */,
				F200000000000000000000DF /* SpatialScene.swift in Sources */,
				F200000000000000000000E0 /* SpatialSceneManager.swift in Sources */,
				F200000000000000000000E1 /* SpatialScenePicker.swift in Sources */,
			);
			runOnlyForDeploymentPostprocessing = 0;
		};
/* End PBXSourcesBuildPhase section */

/* Begin XCBuildConfiguration section */
		F700000000000000000000A1 /* Debug */ = {
			isa = XCBuildConfiguration;
			buildSettings = {
				ALWAYS_SEARCH_USER_PATHS = NO;
				ASSETCATALOG_COMPILER_GENERATE_SWIFT_ASSET_SYMBOL_EXTENSIONS = YES;
				CLANG_ANALYZER_NONNULL = YES;
				CLANG_ANALYZER_NUMBER_OBJECT_CONVERSION = YES_AGGRESSIVE;
				CLANG_CXX_LANGUAGE_STANDARD = "gnu++20";
				CLANG_ENABLE_MODULES = YES;
				CLANG_ENABLE_OBJC_ARC = YES;
				CLANG_ENABLE_OBJC_WEAK = YES;
				CLANG_WARN_BLOCK_CAPTURE_AUTORELEASING = YES;
				CLANG_WARN_BOOL_CONVERSION = YES;
				CLANG_WARN_COMMA = YES;
				CLANG_WARN_CONSTANT_CONVERSION = YES;
				CLANG_WARN_DEPRECATED_OBJC_IMPLEMENTATIONS = YES;
				CLANG_WARN_DIRECT_OBJC_ISA_USAGE = YES_ERROR;
				CLANG_WARN_DOCUMENTATION_COMMENTS = YES;
				CLANG_WARN_EMPTY_BODY = YES;
				CLANG_WARN_ENUM_CONVERSION = YES;
				CLANG_WARN_INFINITE_RECURSION = YES;
				CLANG_WARN_INT_CONVERSION = YES;
				CLANG_WARN_NON_LITERAL_NULL_CONVERSION = YES;
				CLANG_WARN_OBJC_IMPLICIT_RETAIN_SELF = YES;
				CLANG_WARN_OBJC_LITERAL_CONVERSION = YES;
				CLANG_WARN_OBJC_ROOT_CLASS = YES_ERROR;
				CLANG_WARN_QUOTED_INCLUDE_IN_FRAMEWORK_HEADER = YES;
				CLANG_WARN_RANGE_LOOP_ANALYSIS = YES;
				CLANG_WARN_STRICT_PROTOTYPES = YES;
				CLANG_WARN_SUSPICIOUS_MOVE = YES;
				CLANG_WARN_UNGUARDED_AVAILABILITY = YES_AGGRESSIVE;
				CLANG_WARN_UNREACHABLE_CODE = YES;
				CLANG_WARN__DUPLICATE_METHOD_MATCH = YES;
				COPY_PHASE_STRIP = NO;
				DEBUG_INFORMATION_FORMAT = dwarf;
				ENABLE_STRICT_OBJC_MSGSEND = YES;
				ENABLE_TESTABILITY = YES;
				ENABLE_USER_SCRIPT_SANDBOXING = YES;
				GCC_C_LANGUAGE_STANDARD = gnu17;
				GCC_DYNAMIC_NO_PIC = NO;
				GCC_NO_COMMON_BLOCKS = YES;
				GCC_OPTIMIZATION_LEVEL = 0;
				GCC_PREPROCESSOR_DEFINITIONS = (
					"DEBUG=1",
					"$(inherited)",
				);
				GCC_WARN_64_TO_32_BIT_CONVERSION = YES;
				GCC_WARN_ABOUT_RETURN_TYPE = YES_ERROR;
				GCC_WARN_UNDECLARED_SELECTOR = YES;
				GCC_WARN_UNINITIALIZED_AUTOS = YES_AGGRESSIVE;
				GCC_WARN_UNUSED_FUNCTION = YES;
				GCC_WARN_UNUSED_VARIABLE = YES;
				IPHONEOS_DEPLOYMENT_TARGET = 18.0;
				LOCALIZATION_PREFERS_STRING_CATALOGS = YES;
				MTL_ENABLE_DEBUG_INFO = INCLUDE_SOURCE;
				MTL_FAST_MATH = YES;
				ONLY_ACTIVE_ARCH = YES;
				SDKROOT = iphoneos;
				SWIFT_ACTIVE_COMPILATION_CONDITIONS = "DEBUG $(inherited)";
				SWIFT_OPTIMIZATION_LEVEL = "-Onone";
			};
			name = Debug;
		};
		F700000000000000000000A2 /* Release */ = {
			isa = XCBuildConfiguration;
			buildSettings = {
				ALWAYS_SEARCH_USER_PATHS = NO;
				ASSETCATALOG_COMPILER_GENERATE_SWIFT_ASSET_SYMBOL_EXTENSIONS = YES;
				CLANG_ANALYZER_NONNULL = YES;
				CLANG_ANALYZER_NUMBER_OBJECT_CONVERSION = YES_AGGRESSIVE;
				CLANG_CXX_LANGUAGE_STANDARD = "gnu++20";
				CLANG_ENABLE_MODULES = YES;
				CLANG_ENABLE_OBJC_ARC = YES;
				CLANG_ENABLE_OBJC_WEAK = YES;
				CLANG_WARN_BLOCK_CAPTURE_AUTORELEASING = YES;
				CLANG_WARN_BOOL_CONVERSION = YES;
				CLANG_WARN_COMMA = YES;
				CLANG_WARN_CONSTANT_CONVERSION = YES;
				CLANG_WARN_DEPRECATED_OBJC_IMPLEMENTATIONS = YES;
				CLANG_WARN_DIRECT_OBJC_ISA_USAGE = YES_ERROR;
				CLANG_WARN_DOCUMENTATION_COMMENTS = YES;
				CLANG_WARN_EMPTY_BODY = YES;
				CLANG_WARN_ENUM_CONVERSION = YES;
				CLANG_WARN_INFINITE_RECURSION = YES;
				CLANG_WARN_INT_CONVERSION = YES;
				CLANG_WARN_NON_LITERAL_NULL_CONVERSION = YES;
				CLANG_WARN_OBJC_IMPLICIT_RETAIN_SELF = YES;
				CLANG_WARN_OBJC_LITERAL_CONVERSION = YES;
				CLANG_WARN_OBJC_ROOT_CLASS = YES_ERROR;
				CLANG_WARN_QUOTED_INCLUDE_IN_FRAMEWORK_HEADER = YES;
				CLANG_WARN_RANGE_LOOP_ANALYSIS = YES;
				CLANG_WARN_STRICT_PROTOTYPES = YES;
				CLANG_WARN_SUSPICIOUS_MOVE = YES;
				CLANG_WARN_UNGUARDED_AVAILABILITY = YES_AGGRESSIVE;
				CLANG_WARN_UNREACHABLE_CODE = YES;
				CLANG_WARN__DUPLICATE_METHOD_MATCH = YES;
				COPY_PHASE_STRIP = NO;
				DEBUG_INFORMATION_FORMAT = "dwarf-with-dsym";
				ENABLE_NS_ASSERTIONS = NO;
				ENABLE_STRICT_OBJC_MSGSEND = YES;
				ENABLE_USER_SCRIPT_SANDBOXING = YES;
				GCC_C_LANGUAGE_STANDARD = gnu17;
				GCC_NO_COMMON_BLOCKS = YES;
				GCC_WARN_64_TO_32_BIT_CONVERSION = YES;
				GCC_WARN_ABOUT_RETURN_TYPE = YES_ERROR;
				GCC_WARN_UNDECLARED_SELECTOR = YES;
				GCC_WARN_UNINITIALIZED_AUTOS = YES_AGGRESSIVE;
				GCC_WARN_UNUSED_FUNCTION = YES;
				GCC_WARN_UNUSED_VARIABLE = YES;
				IPHONEOS_DEPLOYMENT_TARGET = 18.0;
				LOCALIZATION_PREFERS_STRING_CATALOGS = YES;
				MTL_ENABLE_DEBUG_INFO = NO;
				MTL_FAST_MATH = YES;
				SDKROOT = iphoneos;
				SWIFT_COMPILATION_MODE = wholemodule;
				VALIDATE_PRODUCT = YES;
			};
			name = Release;
		};
		F700000000000000000000A3 /* Debug */ = {
			isa = XCBuildConfiguration;
			buildSettings = {
				ASSETCATALOG_COMPILER_APPICON_NAME = AppIcon;
				ASSETCATALOG_COMPILER_GLOBAL_ACCENT_COLOR_NAME = AccentColor;
				CODE_SIGN_STYLE = Automatic;
				CURRENT_PROJECT_VERSION = 1;
				DEVELOPMENT_ASSET_PATHS = "";
				DEVELOPMENT_TEAM = 76VMG5HC38;
				ENABLE_PREVIEWS = YES;
				GENERATE_INFOPLIST_FILE = NO;
				INFOPLIST_FILE = Aether/Info.plist;
				INFOPLIST_KEY_UIApplicationSceneManifest_Generation = YES;
				INFOPLIST_KEY_UIApplicationSupportsIndirectInputEvents = YES;
				INFOPLIST_KEY_UILaunchScreen_Generation = YES;
				INFOPLIST_KEY_UISupportedInterfaceOrientations_iPhone = UIInterfaceOrientationPortrait;
				IPHONEOS_DEPLOYMENT_TARGET = 18.0;
				LD_RUNPATH_SEARCH_PATHS = (
					"$(inherited)",
					"@executable_path/Frameworks",
				);
				MARKETING_VERSION = 1.0;
				PRODUCT_BUNDLE_IDENTIFIER = com.aether.app1;
				PRODUCT_NAME = "$(TARGET_NAME)";
				SWIFT_EMIT_LOC_STRINGS = YES;
				SWIFT_VERSION = 5.0;
				TARGETED_DEVICE_FAMILY = "1,2";
			};
			name = Debug;
		};
		F700000000000000000000A4 /* Release */ = {
			isa = XCBuildConfiguration;
			buildSettings = {
				ASSETCATALOG_COMPILER_APPICON_NAME = AppIcon;
				ASSETCATALOG_COMPILER_GLOBAL_ACCENT_COLOR_NAME = AccentColor;
				CODE_SIGN_STYLE = Automatic;
				CURRENT_PROJECT_VERSION = 1;
				DEVELOPMENT_ASSET_PATHS = "";
				DEVELOPMENT_TEAM = 76VMG5HC38;
				ENABLE_PREVIEWS = YES;
				GENERATE_INFOPLIST_FILE = NO;
				INFOPLIST_FILE = Aether/Info.plist;
				INFOPLIST_KEY_UIApplicationSceneManifest_Generation = YES;
				INFOPLIST_KEY_UIApplicationSupportsIndirectInputEvents = YES;
				INFOPLIST_KEY_UILaunchScreen_Generation = YES;
				INFOPLIST_KEY_UISupportedInterfaceOrientations_iPhone = UIInterfaceOrientationPortrait;
				IPHONEOS_DEPLOYMENT_TARGET = 18.0;
				LD_RUNPATH_SEARCH_PATHS = (
					"$(inherited)",
					"@executable_path/Frameworks",
				);
				MARKETING_VERSION = 1.0;
				PRODUCT_BUNDLE_IDENTIFIER = com.aether.app1;
				PRODUCT_NAME = "$(TARGET_NAME)";
				SWIFT_EMIT_LOC_STRINGS = YES;
				SWIFT_VERSION = 5.0;
				TARGETED_DEVICE_FAMILY = "1,2";
			};
			name = Release;
		};
/* End XCBuildConfiguration section */

/* Begin XCConfigurationList section */
		F800000000000000000000A1 /* Build configuration list for PBXProject "Aether" */ = {
			isa = XCConfigurationList;
			buildConfigurations = (
				F700000000000000000000A1 /* Debug */,
				F700000000000000000000A2 /* Release */,
			);
			defaultConfigurationIsVisible = 0;
			defaultConfigurationName = Release;
		};
		F800000000000000000000A2 /* Build configuration list for PBXNativeTarget "Aether" */ = {
			isa = XCConfigurationList;
			buildConfigurations = (
				F700000000000000000000A3 /* Debug */,
				F700000000000000000000A4 /* Release */,
			);
			defaultConfigurationIsVisible = 0;
			defaultConfigurationName = Release;
		};
/* End XCConfigurationList section */
	};
	rootObject = F600000000000000000000A1 /* Project object */;
}
